
Microsoft Visual Studio Solution File, Format Version 12.00
# Visual Studio Version 17
VisualStudioVersion = 17.2.32630.192
MinimumVisualStudioVersion = 10.0.40219.1
Project("{9A19103F-16F7-4668-BE54-9A1E7A4F7556}") = "ChinessSale_server", "ChinessSale_server\ChinessSale_server.csproj", "{8472C594-CAAB-461C-9CC0-F3112203C3F4}"
EndProject
Global
	GlobalSection(SolutionConfigurationPlatforms) = preSolution
		Debug|Any CPU = Debug|Any CPU
		Release|Any CPU = Release|Any CPU
	EndGlobalSection
	GlobalSection(ProjectConfigurationPlatforms) = postSolution
		{8472C594-CAAB-461C-9CC0-F3112203C3F4}.Debug|Any CPU.ActiveCfg = Debug|Any CPU
		{8472C594-CAAB-461C-9CC0-F3112203C3F4}.Debug|Any CPU.Build.0 = Debug|Any CPU
		{8472C594-CAAB-461C-9CC0-F3112203C3F4}.Release|Any CPU.ActiveCfg = Release|Any CPU
		{8472C594-CAAB-461C-9CC0-F3112203C3F4}.Release|Any CPU.Build.0 = Release|Any CPU
	EndGlobalSection
	GlobalSection(SolutionProperties) = preSolution
		HideSolutionNode = FALSE
	EndGlobalSection
	GlobalSection(ExtensibilityGlobals) = postSolution
		SolutionGuid = {16A8DA07-73B2-4C0E-958B-C5477E9946C3}
	EndGlobalSection
EndGlobal
